// !$*UTF8*$!
{
	archiveVersion = 1;
	classes = {
	};
	objectVersion = 46;
	objects = {

/* Begin PBXBuildFile section */
		BDA5A56D1AC1B5E200400FFC /* PubNub.bundle in Resources */ = {isa = PBXBuildFile; fileRef = BDA5A56B1AC1B5E200400FFC /* PubNub.bundle */; };
		BDA5A56E1AC1B5E200400FFC /* PubNub.framework in Frameworks */ = {isa = PBXBuildFile; fileRef = BDA5A56C1AC1B5E200400FFC /* PubNub.framework */; };
		BDFD4A541ABA12EF0036868A /* main.m in Sources */ = {isa = PBXBuildFile; fileRef = BDFD4A531ABA12EF0036868A /* main.m */; };
		BDFD4A571ABA12EF0036868A /* AppDelegate.m in Sources */ = {isa = PBXBuildFile; fileRef = BDFD4A561ABA12EF0036868A /* AppDelegate.m */; };
		BDFD4A5A1ABA12EF0036868A /* PixTennis.xcdatamodeld in Sources */ = {isa = PBXBuildFile; fileRef = BDFD4A581ABA12EF0036868A /* PixTennis.xcdatamodeld */; };
		BDFD4A5D1ABA12EF0036868A /* ViewController.m in Sources */ = {isa = PBXBuildFile; fileRef = BDFD4A5C1ABA12EF0036868A /* ViewController.m */; };
		BDFD4A601ABA12EF0036868A /* Main.storyboard in Resources */ = {isa = PBXBuildFile; fileRef = BDFD4A5E1ABA12EF0036868A /* Main.storyboard */; };
		BDFD4A621ABA12EF0036868A /* Images.xcassets in Resources */ = {isa = PBXBuildFile; fileRef = BDFD4A611ABA12EF0036868A /* Images.xcassets */; };
		BDFD4A651ABA12EF0036868A /* LaunchScreen.xib in Resources */ = {isa = PBXBuildFile; fileRef = BDFD4A631ABA12EF0036868A /* LaunchScreen.xib */; };
		BDFD4A711ABA12EF0036868A /* PixTennisTests.m in Sources */ = {isa = PBXBuildFile; fileRef = BDFD4A701ABA12EF0036868A /* PixTennisTests.m */; };
		BDFD4A801ABA14380036868A /* CFNetwork.framework in Frameworks */ = {isa = PBXBuildFile; fileRef = BDFD4A7F1ABA14380036868A /* CFNetwork.framework */; };
		BDFD4A821ABA14470036868A /* SystemConfiguration.framework in Frameworks */ = {isa = PBXBuildFile; fileRef = BDFD4A811ABA14470036868A /* SystemConfiguration.framework */; };
		BDFD4A841ABA14750036868A /* libz.dylib in Frameworks */ = {isa = PBXBuildFile; fileRef = BDFD4A831ABA14750036868A /* libz.dylib */; };
/* End PBXBuildFile section */

/* Begin PBXContainerItemProxy section */
		BDFD4A6B1ABA12EF0036868A /* PBXContainerItemProxy */ = {
			isa = PBXContainerItemProxy;
			containerPortal = BDFD4A461ABA12EF0036868A /* Project object */;
			proxyType = 1;
			remoteGlobalIDString = BDFD4A4D1ABA12EF0036868A;
			remoteInfo = PixTennis;
		};
/* End PBXContainerItemProxy section */

/* Begin PBXFileReference section */
		BDA5A56B1AC1B5E200400FFC /* PubNub.bundle */ = {isa = PBXFileReference; lastKnownFileType = "wrapper.plug-in"; path = PubNub.bundle; sourceTree = "<group>"; };
		BDA5A56C1AC1B5E200400FFC /* PubNub.framework */ = {isa = PBXFileReference; lastKnownFileType = wrapper.framework; path = PubNub.framework; sourceTree = "<group>"; };
		BDFD4A4E1ABA12EF0036868A /* PixTennis.app */ = {isa = PBXFileReference; explicitFileType = wrapper.application; includeInIndex = 0; path = PixTennis.app; sourceTree = BUILT_PRODUCTS_DIR; };
		BDFD4A521ABA12EF0036868A /* Info.plist */ = {isa = PBXFileReference; lastKnownFileType = text.plist.xml; path = Info.plist; sourceTree = "<group>"; };
		BDFD4A531ABA12EF0036868A /* main.m */ = {isa = PBXFileReference; lastKnownFileType = sourcecode.c.objc; path = main.m; sourceTree = "<group>"; };
		BDFD4A551ABA12EF0036868A /* AppDelegate.h */ = {isa = PBXFileReference; lastKnownFileType = sourcecode.c.h; path = AppDelegate.h; sourceTree = "<group>"; };
		BDFD4A561ABA12EF0036868A /* AppDelegate.m */ = {isa = PBXFileReference; lastKnownFileType = sourcecode.c.objc; path = AppDelegate.m; sourceTree = "<group>"; };
		BDFD4A591ABA12EF0036868A /* PixTennis.xcdatamodel */ = {isa = PBXFileReference; lastKnownFileType = wrapper.xcdatamodel; path = PixTennis.xcdatamodel; sourceTree = "<group>"; };
		BDFD4A5B1ABA12EF0036868A /* ViewController.h */ = {isa = PBXFileReference; lastKnownFileType = sourcecode.c.h; path = ViewController.h; sourceTree = "<group>"; };
		BDFD4A5C1ABA12EF0036868A /* ViewController.m */ = {isa = PBXFileReference; lastKnownFileType = sourcecode.c.objc; path = ViewController.m; sourceTree = "<group>"; };
		BDFD4A5F1ABA12EF0036868A /* Base */ = {isa = PBXFileReference; lastKnownFileType = file.storyboard; name = Base; path = Base.lproj/Main.storyboard; sourceTree = "<group>"; };
		BDFD4A611ABA12EF0036868A /* Images.xcassets */ = {isa = PBXFileReference; lastKnownFileType = folder.assetcatalog; path = Images.xcassets; sourceTree = "<group>"; };
		BDFD4A641ABA12EF0036868A /* Base */ = {isa = PBXFileReference; lastKnownFileType = file.xib; name = Base; path = Base.lproj/LaunchScreen.xib; sourceTree = "<group>"; };
		BDFD4A6A1ABA12EF0036868A /* PixTennisTests.xctest */ = {isa = PBXFileReference; explicitFileType = wrapper.cfbundle; includeInIndex = 0; path = PixTennisTests.xctest; sourceTree = BUILT_PRODUCTS_DIR; };
		BDFD4A6F1ABA12EF0036868A /* Info.plist */ = {isa = PBXFileReference; lastKnownFileType = text.plist.xml; path = Info.plist; sourceTree = "<group>"; };
		BDFD4A701ABA12EF0036868A /* PixTennisTests.m */ = {isa = PBXFileReference; lastKnownFileType = sourcecode.c.objc; path = PixTennisTests.m; sourceTree = "<group>"; };
		BDFD4A7F1ABA14380036868A /* CFNetwork.framework */ = {isa = PBXFileReference; lastKnownFileType = wrapper.framework; name = CFNetwork.framework; path = System/Library/Frameworks/CFNetwork.framework; sourceTree = SDKROOT; };
		BDFD4A811ABA14470036868A /* SystemConfiguration.framework */ = {isa = PBXFileReference; lastKnownFileType = wrapper.framework; name = SystemConfiguration.framework; path = System/Library/Frameworks/SystemConfiguration.framework; sourceTree = SDKROOT; };
		BDFD4A831ABA14750036868A /* libz.dylib */ = {isa = PBXFileReference; lastKnownFileType = "compiled.mach-o.dylib"; name = libz.dylib; path = usr/lib/libz.dylib; sourceTree = SDKROOT; };
/* End PBXFileReference section */

/* Begin PBXFrameworksBuildPhase section */
		BDFD4A4B1ABA12EF0036868A /* Frameworks */ = {
			isa = PBXFrameworksBuildPhase;
			buildActionMask = 2147483647;
			files = (
				BDA5A56E1AC1B5E200400FFC /* PubNub.framework in Frameworks */,
				BDFD4A841ABA14750036868A /* libz.dylib in Frameworks */,
				BDFD4A821ABA14470036868A /* SystemConfiguration.framework in Frameworks */,
				BDFD4A801ABA14380036868A /* CFNetwork.framework in Frameworks */,
			);
			runOnlyForDeploymentPostprocessing = 0;
		};
		BDFD4A671ABA12EF0036868A /* Frameworks */ = {
			isa = PBXFrameworksBuildPhase;
			buildActionMask = 2147483647;
			files = (
			);
			runOnlyForDeploymentPostprocessing = 0;
		};
/* End PBXFrameworksBuildPhase section */

/* Begin PBXGroup section */
		BDFD4A451ABA12EF0036868A = {
			isa = PBXGroup;
			children = (
				BDFD4A501ABA12EF0036868A /* PixTennis */,
				BDFD4A6D1ABA12EF0036868A /* PixTennisTests */,
				BDFD4A4F1ABA12EF0036868A /* Products */,
			);
			sourceTree = "<group>";
		};
		BDFD4A4F1ABA12EF0036868A /* Products */ = {
			isa = PBXGroup;
			children = (
				BDFD4A4E1ABA12EF0036868A /* PixTennis.app */,
				BDFD4A6A1ABA12EF0036868A /* PixTennisTests.xctest */,
			);
			name = Products;
			sourceTree = "<group>";
		};
		BDFD4A501ABA12EF0036868A /* PixTennis */ = {
			isa = PBXGroup;
			children = (
				BDFD4A551ABA12EF0036868A /* AppDelegate.h */,
				BDFD4A561ABA12EF0036868A /* AppDelegate.m */,
				BDFD4A5B1ABA12EF0036868A /* ViewController.h */,
				BDFD4A5C1ABA12EF0036868A /* ViewController.m */,
				BDFD4A5E1ABA12EF0036868A /* Main.storyboard */,
				BDFD4A611ABA12EF0036868A /* Images.xcassets */,
				BDFD4A631ABA12EF0036868A /* LaunchScreen.xib */,
				BDFD4A581ABA12EF0036868A /* PixTennis.xcdatamodeld */,
				BDFD4A511ABA12EF0036868A /* Supporting Files */,
				BDFD4A7A1ABA13FE0036868A /* Framework */,
			);
			path = PixTennis;
			sourceTree = "<group>";
		};
		BDFD4A511ABA12EF0036868A /* Supporting Files */ = {
			isa = PBXGroup;
			children = (
				BDFD4A521ABA12EF0036868A /* Info.plist */,
				BDFD4A531ABA12EF0036868A /* main.m */,
			);
			name = "Supporting Files";
			sourceTree = "<group>";
		};
		BDFD4A6D1ABA12EF0036868A /* PixTennisTests */ = {
			isa = PBXGroup;
			children = (
				BDFD4A701ABA12EF0036868A /* PixTennisTests.m */,
				BDFD4A6E1ABA12EF0036868A /* Supporting Files */,
			);
			path = PixTennisTests;
			sourceTree = "<group>";
		};
		BDFD4A6E1ABA12EF0036868A /* Supporting Files */ = {
			isa = PBXGroup;
			children = (
				BDFD4A6F1ABA12EF0036868A /* Info.plist */,
			);
			name = "Supporting Files";
			sourceTree = "<group>";
		};
		BDFD4A7A1ABA13FE0036868A /* Framework */ = {
			isa = PBXGroup;
			children = (
				BDA5A56B1AC1B5E200400FFC /* PubNub.bundle */,
				BDA5A56C1AC1B5E200400FFC /* PubNub.framework */,
				BDFD4A831ABA14750036868A /* libz.dylib */,
				BDFD4A811ABA14470036868A /* SystemConfiguration.framework */,
				BDFD4A7F1ABA14380036868A /* CFNetwork.framework */,
			);
			name = Framework;
			sourceTree = "<group>";
		};
/* End PBXGroup section */

/* Begin PBXNativeTarget section */
		BDFD4A4D1ABA12EF0036868A /* PixTennis */ = {
			isa = PBXNativeTarget;
			buildConfigurationList = BDFD4A741ABA12EF0036868A /* Build configuration list for PBXNativeTarget "PixTennis" */;
			buildPhases = (
				BDFD4A4A1ABA12EF0036868A /* Sources */,
				BDFD4A4B1ABA12EF0036868A /* Frameworks */,
				BDFD4A4C1ABA12EF0036868A /* Resources */,
			);
			buildRules = (
			);
			dependencies = (
			);
			name = PixTennis;
			productName = PixTennis;
			productReference = BDFD4A4E1ABA12EF0036868A /* PixTennis.app */;
			productType = "com.apple.product-type.application";
		};
		BDFD4A691ABA12EF0036868A /* PixTennisTests */ = {
			isa = PBXNativeTarget;
			buildConfigurationList = BDFD4A771ABA12EF0036868A /* Build configuration list for PBXNativeTarget "PixTennisTests" */;
			buildPhases = (
				BDFD4A661ABA12EF0036868A /* Sources */,
				BDFD4A671ABA12EF0036868A /* Frameworks */,
				BDFD4A681ABA12EF0036868A /* Resources */,
			);
			buildRules = (
			);
			dependencies = (
				BDFD4A6C1ABA12EF0036868A /* PBXTargetDependency */,
			);
			name = PixTennisTests;
			productName = PixTennisTests;
			productReference = BDFD4A6A1ABA12EF0036868A /* PixTennisTests.xctest */;
			productType = "com.apple.product-type.bundle.unit-test";
		};
/* End PBXNativeTarget section */

/* Begin PBXProject section */
		BDFD4A461ABA12EF0036868A /* Project object */ = {
			isa = PBXProject;
			attributes = {
				LastUpgradeCheck = 0610;
				ORGANIZATIONNAME = GrandSteph;
				TargetAttributes = {
					BDFD4A4D1ABA12EF0036868A = {
						CreatedOnToolsVersion = 6.1.1;
						DevelopmentTeam = A343GVYGQ6;
					};
					BDFD4A691ABA12EF0036868A = {
						CreatedOnToolsVersion = 6.1.1;
						TestTargetID = BDFD4A4D1ABA12EF0036868A;
					};
				};
			};
			buildConfigurationList = BDFD4A491ABA12EF0036868A /* Build configuration list for PBXProject "PixTennis" */;
			compatibilityVersion = "Xcode 3.2";
			developmentRegion = English;
			hasScannedForEncodings = 0;
			knownRegions = (
				en,
				Base,
			);
			mainGroup = BDFD4A451ABA12EF0036868A;
			productRefGroup = BDFD4A4F1ABA12EF0036868A /* Products */;
			projectDirPath = "";
			projectRoot = "";
			targets = (
				BDFD4A4D1ABA12EF0036868A /* PixTennis */,
				BDFD4A691ABA12EF0036868A /* PixTennisTests */,
			);
		};
/* End PBXProject section */

/* Begin PBXResourcesBuildPhase section */
		BDFD4A4C1ABA12EF0036868A /* Resources */ = {
			isa = PBXResourcesBuildPhase;
			buildActionMask = 2147483647;
			files = (
				BDFD4A601ABA12EF0036868A /* Main.storyboard in Resources */,
				BDA5A56D1AC1B5E200400FFC /* PubNub.bundle in Resources */,
				BDFD4A651ABA12EF0036868A /* LaunchScreen.xib in Resources */,
				BDFD4A621ABA12EF0036868A /* Images.xcassets in Resources */,
			);
			runOnlyForDeploymentPostprocessing = 0;
		};
		BDFD4A681ABA12EF0036868A /* Resources */ = {
			isa = PBXResourcesBuildPhase;
			buildActionMask = 2147483647;
			files = (
			);
			runOnlyForDeploymentPostprocessing = 0;
		};
/* End PBXResourcesBuildPhase section */

/* Begin PBXSourcesBuildPhase section */
		BDFD4A4A1ABA12EF0036868A /* Sources */ = {
			isa = PBXSourcesBuildPhase;
			buildActionMask = 2147483647;
			files = (
				BDFD4A5A1ABA12EF0036868A /* PixTennis.xcdatamodeld in Sources */,
				BDFD4A571ABA12EF0036868A /* AppDelegate.m in Sources */,
				BDFD4A5D1ABA12EF0036868A /* ViewController.m in Sources */,
				BDFD4A541ABA12EF0036868A /* main.m in Sources */,
			);
			runOnlyForDeploymentPostprocessing = 0;
		};
		BDFD4A661ABA12EF0036868A /* Sources */ = {
			isa = PBXSourcesBuildPhase;
			buildActionMask = 2147483647;
			files = (
				BDFD4A711ABA12EF0036868A /* PixTennisTests.m in Sources */,
			);
			runOnlyForDeploymentPostprocessing = 0;
		};
/* End PBXSourcesBuildPhase section */

/* Begin PBXTargetDependency section */
		BDFD4A6C1ABA12EF0036868A /* PBXTargetDependency */ = {
			isa = PBXTargetDependency;
			target = BDFD4A4D1ABA12EF0036868A /* PixTennis */;
			targetProxy = BDFD4A6B1ABA12EF0036868A /* PBXContainerItemProxy */;
		};
/* End PBXTargetDependency section */

/* Begin PBXVariantGroup section */
		BDFD4A5E1ABA12EF0036868A /* Main.storyboard */ = {
			isa = PBXVariantGroup;
			children = (
				BDFD4A5F1ABA12EF0036868A /* Base */,
			);
			name = Main.storyboard;
			sourceTree = "<group>";
		};
		BDFD4A631ABA12EF0036868A /* LaunchScreen.xib */ = {
			isa = PBXVariantGroup;
			children = (
				BDFD4A641ABA12EF0036868A /* Base */,
			);
			name = LaunchScreen.xib;
			sourceTree = "<group>";
		};
/* End PBXVariantGroup section */

/* Begin XCBuildConfiguration section */
		BDFD4A721ABA12EF0036868A /* Debug */ = {
			isa = XCBuildConfiguration;
			buildSettings = {
				ALWAYS_SEARCH_USER_PATHS = NO;
				CLANG_CXX_LANGUAGE_STANDARD = "gnu++0x";
				CLANG_CXX_LIBRARY = "libc++";
				CLANG_ENABLE_MODULES = YES;
				CLANG_ENABLE_OBJC_ARC = YES;
				CLANG_WARN_BOOL_CONVERSION = YES;
				CLANG_WARN_CONSTANT_CONVERSION = YES;
				CLANG_WARN_DIRECT_OBJC_ISA_USAGE = YES_ERROR;
				CLANG_WARN_EMPTY_BODY = YES;
				CLANG_WARN_ENUM_CONVERSION = YES;
				CLANG_WARN_INT_CONVERSION = YES;
				CLANG_WARN_OBJC_ROOT_CLASS = YES_ERROR;
				CLANG_WARN_UNREACHABLE_CODE = YES;
				CLANG_WARN__DUPLICATE_METHOD_MATCH = YES;
				"CODE_SIGN_IDENTITY[sdk=iphoneos*]" = "iPhone Developer";
				COPY_PHASE_STRIP = NO;
				ENABLE_STRICT_OBJC_MSGSEND = YES;
				GCC_C_LANGUAGE_STANDARD = gnu99;
				GCC_DYNAMIC_NO_PIC = NO;
				GCC_OPTIMIZATION_LEVEL = 0;
				GCC_PREPROCESSOR_DEFINITIONS = (
					"DEBUG=1",
					"$(inherited)",
				);
				GCC_SYMBOLS_PRIVATE_EXTERN = NO;
				GCC_WARN_64_TO_32_BIT_CONVERSION = YES;
				GCC_WARN_ABOUT_RETURN_TYPE = YES_ERROR;
				GCC_WARN_UNDECLARED_SELECTOR = YES;
				GCC_WARN_UNINITIALIZED_AUTOS = YES_AGGRESSIVE;
				GCC_WARN_UNUSED_FUNCTION = YES;
				GCC_WARN_UNUSED_VARIABLE = YES;
				IPHONEOS_DEPLOYMENT_TARGET = 8.1;
				MTL_ENABLE_DEBUG_INFO = YES;
				ONLY_ACTIVE_ARCH = YES;
				SDKROOT = iphoneos;
			};
			name = Debug;
		};
		BDFD4A731ABA12EF0036868A /* Release */ = {
			isa = XCBuildConfiguration;
			buildSettings = {
				ALWAYS_SEARCH_USER_PATHS = NO;
				CLANG_CXX_LANGUAGE_STANDARD = "gnu++0x";
				CLANG_CXX_LIBRARY = "libc++";
				CLANG_ENABLE_MODULES = YES;
				CLANG_ENABLE_OBJC_ARC = YES;
				CLANG_WARN_BOOL_CONVERSION = YES;
				CLANG_WARN_CONSTANT_CONVERSION = YES;
				CLANG_WARN_DIRECT_OBJC_ISA_USAGE = YES_ERROR;
				CLANG_WARN_EMPTY_BODY = YES;
				CLANG_WARN_ENUM_CONVERSION = YES;
				CLANG_WARN_INT_CONVERSION = YES;
				CLANG_WARN_OBJC_ROOT_CLASS = YES_ERROR;
				CLANG_WARN_UNREACHABLE_CODE = YES;
				CLANG_WARN__DUPLICATE_METHOD_MATCH = YES;
				"CODE_SIGN_IDENTITY[sdk=iphoneos*]" = "iPhone Developer";
				COPY_PHASE_STRIP = YES;
				ENABLE_NS_ASSERTIONS = NO;
				ENABLE_STRICT_OBJC_MSGSEND = YES;
				GCC_C_LANGUAGE_STANDARD = gnu99;
				GCC_WARN_64_TO_32_BIT_CONVERSION = YES;
				GCC_WARN_ABOUT_RETURN_TYPE = YES_ERROR;
				GCC_WARN_UNDECLARED_SELECTOR = YES;
				GCC_WARN_UNINITIALIZED_AUTOS = YES_AGGRESSIVE;
				GCC_WARN_UNUSED_FUNCTION = YES;
				GCC_WARN_UNUSED_VARIABLE = YES;
				IPHONEOS_DEPLOYMENT_TARGET = 8.1;
				MTL_ENABLE_DEBUG_INFO = NO;
				SDKROOT = iphoneos;
				VALIDATE_PRODUCT = YES;
			};
			name = Release;
		};
		BDFD4A751ABA12EF0036868A /* Debug */ = {
			isa = XCBuildConfiguration;
			buildSettings = {
				ASSETCATALOG_COMPILER_APPICON_NAME = AppIcon;
				CODE_SIGN_IDENTITY = "iPhone Developer";
				FRAMEWORK_SEARCH_PATHS = (
					"$(inherited)",
					"$(PROJECT_DIR)/PixTennis",
				);
				INFOPLIST_FILE = PixTennis/Info.plist;
				IPHONEOS_DEPLOYMENT_TARGET = 7.0;
				LD_RUNPATH_SEARCH_PATHS = "$(inherited) @executable_path/Frameworks";
				OTHER_LDFLAGS = "-all_load";
				PRODUCT_NAME = "$(TARGET_NAME)";
			};
			name = Debug;
		};
		BDFD4A761ABA12EF0036868A /* Release */ = {
			isa = XCBuildConfiguration;
			buildSettings = {
				ASSETCATALOG_COMPILER_APPICON_NAME = AppIcon;
				CODE_SIGN_IDENTITY = "iPhone Developer";
				FRAMEWORK_SEARCH_PATHS = (
					"$(inherited)",
					"$(PROJECT_DIR)/PixTennis",
				);
				INFOPLIST_FILE = PixTennis/Info.plist;
				IPHONEOS_DEPLOYMENT_TARGET = 7.0;
				LD_RUNPATH_SEARCH_PATHS = "$(inherited) @executable_path/Frameworks";
				OTHER_LDFLAGS = "-all_load";
				PRODUCT_NAME = "$(TARGET_NAME)";
			};
			name = Release;
		};
		BDFD4A781ABA12EF0036868A /* Debug */ = {
			isa = XCBuildConfiguration;
			buildSettings = {
				BUNDLE_LOADER = "$(TEST_HOST)";
				FRAMEWORK_SEARCH_PATHS = (
					"$(SDKROOT)/Developer/Library/Frameworks",
					"$(inherited)",
				);
				GCC_PREPROCESSOR_DEFINITIONS = (
					"DEBUG=1",
					"$(inherited)",
				);
				INFOPLIST_FILE = PixTennisTests/Info.plist;
				LD_RUNPATH_SEARCH_PATHS = "$(inherited) @executable_path/Frameworks @loader_path/Frameworks";
				PRODUCT_NAME = "$(TARGET_NAME)";
				TEST_HOST = "$(BUILT_PRODUCTS_DIR)/PixTennis.app/PixTennis";
			};
			name = Debug;
		};
		BDFD4A791ABA12EF0036868A /* Release */ = {
			isa = XCBuildConfiguration;
			buildSettings = {
				BUNDLE_LOADER = "$(TEST_HOST)";
				FRAMEWORK_SEARCH_PATHS = (
					"$(SDKROOT)/Developer/Library/Frameworks",
					"$(inherited)",
				);
				INFOPLIST_FILE = PixTennisTests/Info.plist;
				LD_RUNPATH_SEARCH_PATHS = "$(inherited) @executable_path/Frameworks @loader_path/Frameworks";
				PRODUCT_NAME = "$(TARGET_NAME)";
				TEST_HOST = "$(BUILT_PRODUCTS_DIR)/PixTennis.app/PixTennis";
			};
			name = Release;
		};
/* End XCBuildConfiguration section */

/* Begin XCConfigurationList section */
		BDFD4A491ABA12EF0036868A /* Build configuration list for PBXProject "PixTennis" */ = {
			isa = XCConfigurationList;
			buildConfigurations = (
				BDFD4A721ABA12EF0036868A /* Debug */,
				BDFD4A731ABA12EF0036868A /* Release */,
			);
			defaultConfigurationIsVisible = 0;
			defaultConfigurationName = Release;
		};
		BDFD4A741ABA12EF0036868A /* Build configuration list for PBXNativeTarget "PixTennis" */ = {
			isa = XCConfigurationList;
			buildConfigurations = (
				BDFD4A751ABA12EF0036868A /* Debug */,
				BDFD4A761ABA12EF0036868A /* Release */,
			);
			defaultConfigurationIsVisible = 0;
			defaultConfigurationName = Release;
		};
		BDFD4A771ABA12EF0036868A /* Build configuration list for PBXNativeTarget "PixTennisTests" */ = {
			isa = XCConfigurationList;
			buildConfigurations = (
				BDFD4A781ABA12EF0036868A /* Debug */,
				BDFD4A791ABA12EF0036868A /* Release */,
			);
			defaultConfigurationIsVisible = 0;
			defaultConfigurationName = Release;
		};
/* End XCConfigurationList section */

/* Begin XCVersionGroup section */
		BDFD4A581ABA12EF0036868A /* PixTennis.xcdatamodeld */ = {
			isa = XCVersionGroup;
			children = (
				BDFD4A591ABA12EF0036868A /* PixTennis.xcdatamodel */,
			);
			currentVersion = BDFD4A591ABA12EF0036868A /* PixTennis.xcdatamodel */;
			path = PixTennis.xcdatamodeld;
			sourceTree = "<group>";
			versionGroupType = wrapper.xcdatamodel;
		};
/* End XCVersionGroup section */
	};
	rootObject = BDFD4A461ABA12EF0036868A /* Project object */;
}
